{\n  "name": "JG-fizz-Co-",\n  "version": "1.0.0",\n  "lockfileVersion": 2,\n  "requires": true,\n  "dependencies": {\n    "next": {\n      "version": "14.2.5",\n      "engines": {\n        "node": ">=12.0.0"\n      }\n    },\n    "react": {\n      "version": "18.3.1",\n      "engines": {\n        "node": ">=12.0.0"\n      }\n    },\n    "react-dom": {\n      "version": "18.3.1",\n      "engines": {\n        "node": ">=12.0.0"\n      }\n    }\n  }\n}